
Microsoft Visual Studio Solution File, Format Version 12.00
# Visual Studio Version 17
VisualStudioVersion = 17.0.31919.166
MinimumVisualStudioVersion = 10.0.40219.1
Project("{8BC9CEB8-8B4A-11D0-8D11-00A0C91BC942}") = "Lesson9", "Lesson9\Lesson9.vcxproj", "{19F7442F-29F0-4DAE-A76E-EA25FAABD502}"
EndProject
Project("{8BC9CEB8-8B4A-11D0-8D11-00A0C91BC942}") = "StaticPolymirphism", "StaticPolymirphism\StaticPolymirphism.vcxproj", "{5ABBA0B6-03E9-4BED-ADCD-F666E4769256}"
EndProject
Project("{8BC9CEB8-8B4A-11D0-8D11-00A0C91BC942}") = "DynamicPolimorphism", "DynamicPolimorphism\DynamicPolimorphism.vcxproj", "{7A8A01C4-B0A3-4331-A6CA-D185276100B9}"
EndProject
Project("{8BC9CEB8-8B4A-11D0-8D11-00A0C91BC942}") = "FoldExpressions", "FoldExpressions\FoldExpressions.vcxproj", "{C3ED376B-2E92-4A16-B19F-4BFC7F7913FD}"
EndProject
Project("{8BC9CEB8-8B4A-11D0-8D11-00A0C91BC942}") = "World", "World\World.vcxproj", "{DF681412-BB75-4E94-9C34-ED914A3BEDB2}"
EndProject
Project("{8BC9CEB8-8B4A-11D0-8D11-00A0C91BC942}") = "SizeVirtualTest", "SizeVirtualTest\SizeVirtualTest.vcxproj", "{DA67FBCD-3F69-4852-BA6B-E3F13A06DC4E}"
EndProject
Project("{8BC9CEB8-8B4A-11D0-8D11-00A0C91BC942}") = "MakeupDecomposition", "MakeupDecomposition\MakeupDecomposition.vcxproj", "{00D2B8C3-FB4B-49C4-B683-D3AADA5C9693}"
EndProject
Global
	GlobalSection(SolutionConfigurationPlatforms) = preSolution
		Debug|x64 = Debug|x64
		Debug|x86 = Debug|x86
		Release|x64 = Release|x64
		Release|x86 = Release|x86
	EndGlobalSection
	GlobalSection(ProjectConfigurationPlatforms) = postSolution
		{19F7442F-29F0-4DAE-A76E-EA25FAABD502}.Debug|x64.ActiveCfg = Debug|x64
		{19F7442F-29F0-4DAE-A76E-EA25FAABD502}.Debug|x64.Build.0 = Debug|x64
		{19F7442F-29F0-4DAE-A76E-EA25FAABD502}.Debug|x86.ActiveCfg = Debug|Win32
		{19F7442F-29F0-4DAE-A76E-EA25FAABD502}.Debug|x86.Build.0 = Debug|Win32
		{19F7442F-29F0-4DAE-A76E-EA25FAABD502}.Release|x64.ActiveCfg = Release|x64
		{19F7442F-29F0-4DAE-A76E-EA25FAABD502}.Release|x64.Build.0 = Release|x64
		{19F7442F-29F0-4DAE-A76E-EA25FAABD502}.Release|x86.ActiveCfg = Release|Win32
		{19F7442F-29F0-4DAE-A76E-EA25FAABD502}.Release|x86.Build.0 = Release|Win32
		{5ABBA0B6-03E9-4BED-ADCD-F666E4769256}.Debug|x64.ActiveCfg = Debug|x64
		{5ABBA0B6-03E9-4BED-ADCD-F666E4769256}.Debug|x64.Build.0 = Debug|x64
		{5ABBA0B6-03E9-4BED-ADCD-F666E4769256}.Debug|x86.ActiveCfg = Debug|Win32
		{5ABBA0B6-03E9-4BED-ADCD-F666E4769256}.Debug|x86.Build.0 = Debug|Win32
		{5ABBA0B6-03E9-4BED-ADCD-F666E4769256}.Release|x64.ActiveCfg = Release|x64
		{5ABBA0B6-03E9-4BED-ADCD-F666E4769256}.Release|x64.Build.0 = Release|x64
		{5ABBA0B6-03E9-4BED-ADCD-F666E4769256}.Release|x86.ActiveCfg = Release|Win32
		{5ABBA0B6-03E9-4BED-ADCD-F666E4769256}.Release|x86.Build.0 = Release|Win32
		{7A8A01C4-B0A3-4331-A6CA-D185276100B9}.Debug|x64.ActiveCfg = Debug|x64
		{7A8A01C4-B0A3-4331-A6CA-D185276100B9}.Debug|x64.Build.0 = Debug|x64
		{7A8A01C4-B0A3-4331-A6CA-D185276100B9}.Debug|x86.ActiveCfg = Debug|Win32
		{7A8A01C4-B0A3-4331-A6CA-D185276100B9}.Debug|x86.Build.0 = Debug|Win32
		{7A8A01C4-B0A3-4331-A6CA-D185276100B9}.Release|x64.ActiveCfg = Release|x64
		{7A8A01C4-B0A3-4331-A6CA-D185276100B9}.Release|x64.Build.0 = Release|x64
		{7A8A01C4-B0A3-4331-A6CA-D185276100B9}.Release|x86.ActiveCfg = Release|Win32
		{7A8A01C4-B0A3-4331-A6CA-D185276100B9}.Release|x86.Build.0 = Release|Win32
		{C3ED376B-2E92-4A16-B19F-4BFC7F7913FD}.Debug|x64.ActiveCfg = Debug|x64
		{C3ED376B-2E92-4A16-B19F-4BFC7F7913FD}.Debug|x64.Build.0 = Debug|x64
		{C3ED376B-2E92-4A16-B19F-4BFC7F7913FD}.Debug|x86.ActiveCfg = Debug|Win32
		{C3ED376B-2E92-4A16-B19F-4BFC7F7913FD}.Debug|x86.Build.0 = Debug|Win32
		{C3ED376B-2E92-4A16-B19F-4BFC7F7913FD}.Release|x64.ActiveCfg = Release|x64
		{C3ED376B-2E92-4A16-B19F-4BFC7F7913FD}.Release|x64.Build.0 = Release|x64
		{C3ED376B-2E92-4A16-B19F-4BFC7F7913FD}.Release|x86.ActiveCfg = Release|Win32
		{C3ED376B-2E92-4A16-B19F-4BFC7F7913FD}.Release|x86.Build.0 = Release|Win32
		{DF681412-BB75-4E94-9C34-ED914A3BEDB2}.Debug|x64.ActiveCfg = Debug|x64
		{DF681412-BB75-4E94-9C34-ED914A3BEDB2}.Debug|x64.Build.0 = Debug|x64
		{DF681412-BB75-4E94-9C34-ED914A3BEDB2}.Debug|x86.ActiveCfg = Debug|Win32
		{DF681412-BB75-4E94-9C34-ED914A3BEDB2}.Debug|x86.Build.0 = Debug|Win32
		{DF681412-BB75-4E94-9C34-ED914A3BEDB2}.Release|x64.ActiveCfg = Release|x64
		{DF681412-BB75-4E94-9C34-ED914A3BEDB2}.Release|x64.Build.0 = Release|x64
		{DF681412-BB75-4E94-9C34-ED914A3BEDB2}.Release|x86.ActiveCfg = Release|Win32
		{DF681412-BB75-4E94-9C34-ED914A3BEDB2}.Release|x86.Build.0 = Release|Win32
		{DA67FBCD-3F69-4852-BA6B-E3F13A06DC4E}.Debug|x64.ActiveCfg = Debug|x64
		{DA67FBCD-3F69-4852-BA6B-E3F13A06DC4E}.Debug|x64.Build.0 = Debug|x64
		{DA67FBCD-3F69-4852-BA6B-E3F13A06DC4E}.Debug|x86.ActiveCfg = Debug|Win32
		{DA67FBCD-3F69-4852-BA6B-E3F13A06DC4E}.Debug|x86.Build.0 = Debug|Win32
		{DA67FBCD-3F69-4852-BA6B-E3F13A06DC4E}.Release|x64.ActiveCfg = Release|x64
		{DA67FBCD-3F69-4852-BA6B-E3F13A06DC4E}.Release|x64.Build.0 = Release|x64
		{DA67FBCD-3F69-4852-BA6B-E3F13A06DC4E}.Release|x86.ActiveCfg = Release|Win32
		{DA67FBCD-3F69-4852-BA6B-E3F13A06DC4E}.Release|x86.Build.0 = Release|Win32
		{00D2B8C3-FB4B-49C4-B683-D3AADA5C9693}.Debug|x64.ActiveCfg = Debug|x64
		{00D2B8C3-FB4B-49C4-B683-D3AADA5C9693}.Debug|x64.Build.0 = Debug|x64
		{00D2B8C3-FB4B-49C4-B683-D3AADA5C9693}.Debug|x86.ActiveCfg = Debug|Win32
		{00D2B8C3-FB4B-49C4-B683-D3AADA5C9693}.Debug|x86.Build.0 = Debug|Win32
		{00D2B8C3-FB4B-49C4-B683-D3AADA5C9693}.Release|x64.ActiveCfg = Release|x64
		{00D2B8C3-FB4B-49C4-B683-D3AADA5C9693}.Release|x64.Build.0 = Release|x64
		{00D2B8C3-FB4B-49C4-B683-D3AADA5C9693}.Release|x86.ActiveCfg = Release|Win32
		{00D2B8C3-FB4B-49C4-B683-D3AADA5C9693}.Release|x86.Build.0 = Release|Win32
	EndGlobalSection
	GlobalSection(SolutionProperties) = preSolution
		HideSolutionNode = FALSE
	EndGlobalSection
	GlobalSection(ExtensibilityGlobals) = postSolution
		SolutionGuid = {56BA3A8C-0579-4DD5-837E-10F4B7E8197B}
	EndGlobalSection
EndGlobal
